
Microsoft Visual Studio Solution File, Format Version 12.00
# Visual Studio Version 17
VisualStudioVersion = 17.14.36623.8
MinimumVisualStudioVersion = 10.0.40219.1
Project("{FAE04EC0-301F-11D3-BF4B-00C04F79EFBC}") = "VcWallet.Domain", "VcWallet.Domain\VcWallet.Domain.csproj", "{78C294F0-2038-414A-B22B-B3FB718D59E2}"
EndProject
Project("{FAE04EC0-301F-11D3-BF4B-00C04F79EFBC}") = "UnitTests", "UnitTests\UnitTests.csproj", "{6D376881-694E-4BF6-BA03-8D01684812D2}"
EndProject
Global
	GlobalSection(SolutionConfigurationPlatforms) = preSolution
		Debug|Any CPU = Debug|Any CPU
		Release|Any CPU = Release|Any CPU
	EndGlobalSection
	GlobalSection(ProjectConfigurationPlatforms) = postSolution
		{78C294F0-2038-414A-B22B-B3FB718D59E2}.Debug|Any CPU.ActiveCfg = Debug|Any CPU
		{78C294F0-2038-414A-B22B-B3FB718D59E2}.Debug|Any CPU.Build.0 = Debug|Any CPU
		{78C294F0-2038-414A-B22B-B3FB718D59E2}.Release|Any CPU.ActiveCfg = Release|Any CPU
		{78C294F0-2038-414A-B22B-B3FB718D59E2}.Release|Any CPU.Build.0 = Release|Any CPU
		{6D376881-694E-4BF6-BA03-8D01684812D2}.Debug|Any CPU.ActiveCfg = Debug|Any CPU
		{6D376881-694E-4BF6-BA03-8D01684812D2}.Debug|Any CPU.Build.0 = Debug|Any CPU
		{6D376881-694E-4BF6-BA03-8D01684812D2}.Release|Any CPU.ActiveCfg = Release|Any CPU
		{6D376881-694E-4BF6-BA03-8D01684812D2}.Release|Any CPU.Build.0 = Release|Any CPU
	EndGlobalSection
	GlobalSection(SolutionProperties) = preSolution
		HideSolutionNode = FALSE
	EndGlobalSection
	GlobalSection(ExtensibilityGlobals) = postSolution
		SolutionGuid = {63E86699-8D9C-426B-8FBC-ABA0EA8DB690}
	EndGlobalSection
EndGlobal
